// !$*UTF8*$!
{
	archiveVersion = 1;
	classes = {
	};
	objectVersion = 50;
	objects = {

/* Begin PBXBuildFile section */
		AE71FDBC2270ABE5004B960C /* AppDelegate.swift in Sources */ = {isa = PBXBuildFile; fileRef = AE71FDBB2270ABE5004B960C /* AppDelegate.swift */; };
		AE71FDBE2270ABE5004B960C /* ViewController.swift in Sources */ = {isa = PBXBuildFile; fileRef = AE71FDBD2270ABE5004B960C /* ViewController.swift */; };
		AE71FDC12270ABE5004B960C /* Main.storyboard in Resources */ = {isa = PBXBuildFile; fileRef = AE71FDBF2270ABE5004B960C /* Main.storyboard */; };
		AE71FDC32270ABE8004B960C /* Assets.xcassets in Resources */ = {isa = PBXBuildFile; fileRef = AE71FDC22270ABE8004B960C /* Assets.xcassets */; };
		AE71FDC62270ABE8004B960C /* LaunchScreen.storyboard in Resources */ = {isa = PBXBuildFile; fileRef = AE71FDC42270ABE8004B960C /* LaunchScreen.storyboard */; };
		AEA4ECB62270B51E000A298E /* ViewController.swift in Sources */ = {isa = PBXBuildFile; fileRef = AEA4ECAE2270B51E000A298E /* ViewController.swift */; };
		AEA4ECB72270B51E000A298E /* Assets.xcassets in Resources */ = {isa = PBXBuildFile; fileRef = AEA4ECAF2270B51E000A298E /* Assets.xcassets */; };
		AEA4ECBA2270B51E000A298E /* AppDelegate.swift in Sources */ = {isa = PBXBuildFile; fileRef = AEA4ECB42270B51E000A298E /* AppDelegate.swift */; };
		AEA4ECBE2270B6E0000A298E /* LaunchScreen.storyboard in Resources */ = {isa = PBXBuildFile; fileRef = AEA4ECBC2270B6E0000A298E /* LaunchScreen.storyboard */; };
		AEA4ECC02270CD51000A298E /* UIKit+forAutoLayout.swift in Sources */ = {isa = PBXBuildFile; fileRef = AEA4ECBF2270CD51000A298E /* UIKit+forAutoLayout.swift */; };
		AEA4ECC52275AF2E000A298E /* ViewController+Builder.swift in Sources */ = {isa = PBXBuildFile; fileRef = AEA4ECC42275AF2E000A298E /* ViewController+Builder.swift */; };
/* End PBXBuildFile section */

/* Begin PBXFileReference section */
		AE71FDB82270ABE5004B960C /* InterfaceBuilder.app */ = {isa = PBXFileReference; explicitFileType = wrapper.application; includeInIndex = 0; path = InterfaceBuilder.app; sourceTree = BUILT_PRODUCTS_DIR; };
		AE71FDBB2270ABE5004B960C /* AppDelegate.swift */ = {isa = PBXFileReference; lastKnownFileType = sourcecode.swift; path = AppDelegate.swift; sourceTree = "<group>"; };
		AE71FDBD2270ABE5004B960C /* ViewController.swift */ = {isa = PBXFileReference; lastKnownFileType = sourcecode.swift; path = ViewController.swift; sourceTree = "<group>"; };
		AE71FDC02270ABE5004B960C /* Base */ = {isa = PBXFileReference; lastKnownFileType = file.storyboard; name = Base; path = Base.lproj/Main.storyboard; sourceTree = "<group>"; };
		AE71FDC22270ABE8004B960C /* Assets.xcassets */ = {isa = PBXFileReference; lastKnownFileType = folder.assetcatalog; path = Assets.xcassets; sourceTree = "<group>"; };
		AE71FDC52270ABE8004B960C /* Base */ = {isa = PBXFileReference; lastKnownFileType = file.storyboard; name = Base; path = Base.lproj/LaunchScreen.storyboard; sourceTree = "<group>"; };
		AE71FDC72270ABE8004B960C /* Info.plist */ = {isa = PBXFileReference; lastKnownFileType = text.plist.xml; path = Info.plist; sourceTree = "<group>"; };
		AEA4ECAB2270B4FB000A298E /* Code.app */ = {isa = PBXFileReference; explicitFileType = wrapper.application; includeInIndex = 0; path = Code.app; sourceTree = BUILT_PRODUCTS_DIR; };
		AEA4ECAE2270B51E000A298E /* ViewController.swift */ = {isa = PBXFileReference; fileEncoding = 4; lastKnownFileType = sourcecode.swift; path = ViewController.swift; sourceTree = "<group>"; };
		AEA4ECAF2270B51E000A298E /* Assets.xcassets */ = {isa = PBXFileReference; lastKnownFileType = folder.assetcatalog; path = Assets.xcassets; sourceTree = "<group>"; };
		AEA4ECB42270B51E000A298E /* AppDelegate.swift */ = {isa = PBXFileReference; fileEncoding = 4; lastKnownFileType = sourcecode.swift; path = AppDelegate.swift; sourceTree = "<group>"; };
		AEA4ECB52270B51E000A298E /* Info.plist */ = {isa = PBXFileReference; fileEncoding = 4; lastKnownFileType = text.plist.xml; path = Info.plist; sourceTree = "<group>"; };
		AEA4ECBD2270B6E0000A298E /* Base */ = {isa = PBXFileReference; lastKnownFileType = file.storyboard; name = Base; path = Base.lproj/LaunchScreen.storyboard; sourceTree = "<group>"; };
		AEA4ECBF2270CD51000A298E /* UIKit+forAutoLayout.swift */ = {isa = PBXFileReference; lastKnownFileType = sourcecode.swift; path = "UIKit+forAutoLayout.swift"; sourceTree = "<group>"; };
		AEA4ECC42275AF2E000A298E /* ViewController+Builder.swift */ = {isa = PBXFileReference; lastKnownFileType = sourcecode.swift; path = "ViewController+Builder.swift"; sourceTree = "<group>"; };
/* End PBXFileReference section */

/* Begin PBXFrameworksBuildPhase section */
		AE71FDB52270ABE5004B960C /* Frameworks */ = {
			isa = PBXFrameworksBuildPhase;
			buildActionMask = 2147483647;
			files = (
			);
			runOnlyForDeploymentPostprocessing = 0;
		};
		AEA4ECA32270B4FB000A298E /* Frameworks */ = {
			isa = PBXFrameworksBuildPhase;
			buildActionMask = 2147483647;
			files = (
			);
			runOnlyForDeploymentPostprocessing = 0;
		};
/* End PBXFrameworksBuildPhase section */

/* Begin PBXGroup section */
		AE71FDAF2270ABE5004B960C = {
			isa = PBXGroup;
			children = (
				AEA4ECAD2270B51E000A298E /* Code */,
				AE71FDBA2270ABE5004B960C /* InterfaceBuilder */,
				AE71FDB92270ABE5004B960C /* Products */,
			);
			sourceTree = "<group>";
		};
		AE71FDB92270ABE5004B960C /* Products */ = {
			isa = PBXGroup;
			children = (
				AE71FDB82270ABE5004B960C /* InterfaceBuilder.app */,
				AEA4ECAB2270B4FB000A298E /* Code.app */,
			);
			name = Products;
			sourceTree = "<group>";
		};
		AE71FDBA2270ABE5004B960C /* InterfaceBuilder */ = {
			isa = PBXGroup;
			children = (
				AE71FDBB2270ABE5004B960C /* AppDelegate.swift */,
				AE71FDBD2270ABE5004B960C /* ViewController.swift */,
				AE71FDBF2270ABE5004B960C /* Main.storyboard */,
				AE71FDC22270ABE8004B960C /* Assets.xcassets */,
				AE71FDC42270ABE8004B960C /* LaunchScreen.storyboard */,
				AE71FDC72270ABE8004B960C /* Info.plist */,
			);
			path = InterfaceBuilder;
			sourceTree = "<group>";
		};
		AEA4ECAD2270B51E000A298E /* Code */ = {
			isa = PBXGroup;
			children = (
				AEA4ECAE2270B51E000A298E /* ViewController.swift */,
				AEA4ECC42275AF2E000A298E /* ViewController+Builder.swift */,
				AEA4ECBC2270B6E0000A298E /* LaunchScreen.storyboard */,
				AEA4ECAF2270B51E000A298E /* Assets.xcassets */,
				AEA4ECB42270B51E000A298E /* AppDelegate.swift */,
				AEA4ECB52270B51E000A298E /* Info.plist */,
				AEA4ECBF2270CD51000A298E /* UIKit+forAutoLayout.swift */,
			);
			path = Code;
			sourceTree = "<group>";
		};
/* End PBXGroup section */

/* Begin PBXNativeTarget section */
		AE71FDB72270ABE5004B960C /* InterfaceBuilder */ = {
			isa = PBXNativeTarget;
			buildConfigurationList = AE71FDCA2270ABE8004B960C /* Build configuration list for PBXNativeTarget "InterfaceBuilder" */;
			buildPhases = (
				AE71FDB42270ABE5004B960C /* Sources */,
				AE71FDB52270ABE5004B960C /* Frameworks */,
				AE71FDB62270ABE5004B960C /* Resources */,
			);
			buildRules = (
			);
			dependencies = (
			);
			name = InterfaceBuilder;
			productName = TheBestOfEverything;
			productReference = AE71FDB82270ABE5004B960C /* InterfaceBuilder.app */;
			productType = "com.apple.product-type.application";
		};
		AEA4EC9F2270B4FB000A298E /* Code */ = {
			isa = PBXNativeTarget;
			buildConfigurationList = AEA4ECA82270B4FB000A298E /* Build configuration list for PBXNativeTarget "Code" */;
			buildPhases = (
				AEA4ECA02270B4FB000A298E /* Sources */,
				AEA4ECA32270B4FB000A298E /* Frameworks */,
				AEA4ECA42270B4FB000A298E /* Resources */,
			);
			buildRules = (
			);
			dependencies = (
			);
			name = Code;
			productName = TheBestOfEverything;
			productReference = AEA4ECAB2270B4FB000A298E /* Code.app */;
			productType = "com.apple.product-type.application";
		};
/* End PBXNativeTarget section */

/* Begin PBXProject section */
		AE71FDB02270ABE5004B960C /* Project object */ = {
			isa = PBXProject;
			attributes = {
				LastSwiftUpdateCheck = 1020;
				LastUpgradeCheck = 1020;
				ORGANIZATIONNAME = mczarnik.com;
				TargetAttributes = {
					AE71FDB72270ABE5004B960C = {
						CreatedOnToolsVersion = 10.2.1;
					};
				};
			};
			buildConfigurationList = AE71FDB32270ABE5004B960C /* Build configuration list for PBXProject "TheBestOfEverything" */;
			compatibilityVersion = "Xcode 9.3";
			developmentRegion = en;
			hasScannedForEncodings = 0;
			knownRegions = (
				en,
				Base,
			);
			mainGroup = AE71FDAF2270ABE5004B960C;
			productRefGroup = AE71FDB92270ABE5004B960C /* Products */;
			projectDirPath = "";
			projectRoot = "";
			targets = (
				AE71FDB72270ABE5004B960C /* InterfaceBuilder */,
				AEA4EC9F2270B4FB000A298E /* Code */,
			);
		};
/* End PBXProject section */

/* Begin PBXResourcesBuildPhase section */
		AE71FDB62270ABE5004B960C /* Resources */ = {
			isa = PBXResourcesBuildPhase;
			buildActionMask = 2147483647;
			files = (
				AE71FDC62270ABE8004B960C /* LaunchScreen.storyboard in Resources */,
				AE71FDC32270ABE8004B960C /* Assets.xcassets in Resources */,
				AE71FDC12270ABE5004B960C /* Main.storyboard in Resources */,
			);
			runOnlyForDeploymentPostprocessing = 0;
		};
		AEA4ECA42270B4FB000A298E /* Resources */ = {
			isa = PBXResourcesBuildPhase;
			buildActionMask = 2147483647;
			files = (
				AEA4ECBE2270B6E0000A298E /* LaunchScreen.storyboard in Resources */,
				AEA4ECB72270B51E000A298E /* Assets.xcassets in Resources */,
			);
			runOnlyForDeploymentPostprocessing = 0;
		};
/* End PBXResourcesBuildPhase section */

/* Begin PBXSourcesBuildPhase section */
		AE71FDB42270ABE5004B960C /* Sources */ = {
			isa = PBXSourcesBuildPhase;
			buildActionMask = 2147483647;
			files = (
				AE71FDBE2270ABE5004B960C /* ViewController.swift in Sources */,
				AE71FDBC2270ABE5004B960C /* AppDelegate.swift in Sources */,
			);
			runOnlyForDeploymentPostprocessing = 0;
		};
		AEA4ECA02270B4FB000A298E /* Sources */ = {
			isa = PBXSourcesBuildPhase;
			buildActionMask = 2147483647;
			files = (
				AEA4ECC52275AF2E000A298E /* ViewController+Builder.swift in Sources */,
				AEA4ECBA2270B51E000A298E /* AppDelegate.swift in Sources */,
				AEA4ECC02270CD51000A298E /* UIKit+forAutoLayout.swift in Sources */,
				AEA4ECB62270B51E000A298E /* ViewController.swift in Sources */,
			);
			runOnlyForDeploymentPostprocessing = 0;
		};
/* End PBXSourcesBuildPhase section */

/* Begin PBXVariantGroup section */
		AE71FDBF2270ABE5004B960C /* Main.storyboard */ = {
			isa = PBXVariantGroup;
			children = (
				AE71FDC02270ABE5004B960C /* Base */,
			);
			name = Main.storyboard;
			sourceTree = "<group>";
		};
		AE71FDC42270ABE8004B960C /* LaunchScreen.storyboard */ = {
			isa = PBXVariantGroup;
			children = (
				AE71FDC52270ABE8004B960C /* Base */,
			);
			name = LaunchScreen.storyboard;
			sourceTree = "<group>";
		};
		AEA4ECBC2270B6E0000A298E /* LaunchScreen.storyboard */ = {
			isa = PBXVariantGroup;
			children = (
				AEA4ECBD2270B6E0000A298E /* Base */,
			);
			name = LaunchScreen.storyboard;
			sourceTree = "<group>";
		};
/* End PBXVariantGroup section */

/* Begin XCBuildConfiguration section */
		AE71FDC82270ABE8004B960C /* Debug */ = {
			isa = XCBuildConfiguration;
			buildSettings = {
				ALWAYS_SEARCH_USER_PATHS = NO;
				CLANG_ANALYZER_NONNULL = YES;
				CLANG_ANALYZER_NUMBER_OBJECT_CONVERSION = YES_AGGRESSIVE;
				CLANG_CXX_LANGUAGE_STANDARD = "gnu++14";
				CLANG_CXX_LIBRARY = "libc++";
				CLANG_ENABLE_MODULES = YES;
				CLANG_ENABLE_OBJC_ARC = YES;
				CLANG_ENABLE_OBJC_WEAK = YES;
				CLANG_WARN_BLOCK_CAPTURE_AUTORELEASING = YES;
				CLANG_WARN_BOOL_CONVERSION = YES;
				CLANG_WARN_COMMA = YES;
				CLANG_WARN_CONSTANT_CONVERSION = YES;
				CLANG_WARN_DEPRECATED_OBJC_IMPLEMENTATIONS = YES;
				CLANG_WARN_DIRECT_OBJC_ISA_USAGE = YES_ERROR;
				CLANG_WARN_DOCUMENTATION_COMMENTS = YES;
				CLANG_WARN_EMPTY_BODY = YES;
				CLANG_WARN_ENUM_CONVERSION = YES;
				CLANG_WARN_INFINITE_RECURSION = YES;
				CLANG_WARN_INT_CONVERSION = YES;
				CLANG_WARN_NON_LITERAL_NULL_CONVERSION = YES;
				CLANG_WARN_OBJC_IMPLICIT_RETAIN_SELF = YES;
				CLANG_WARN_OBJC_LITERAL_CONVERSION = YES;
				CLANG_WARN_OBJC_ROOT_CLASS = YES_ERROR;
				CLANG_WARN_RANGE_LOOP_ANALYSIS = YES;
				CLANG_WARN_STRICT_PROTOTYPES = YES;
				CLANG_WARN_SUSPICIOUS_MOVE = YES;
				CLANG_WARN_UNGUARDED_AVAILABILITY = YES_AGGRESSIVE;
				CLANG_WARN_UNREACHABLE_CODE = YES;
				CLANG_WARN__DUPLICATE_METHOD_MATCH = YES;
				CODE_SIGN_IDENTITY = "iPhone Developer";
				COPY_PHASE_STRIP = NO;
				DEBUG_INFORMATION_FORMAT = dwarf;
				ENABLE_STRICT_OBJC_MSGSEND = YES;
				ENABLE_TESTABILITY = YES;
				GCC_C_LANGUAGE_STANDARD = gnu11;
				GCC_DYNAMIC_NO_PIC = NO;
				GCC_NO_COMMON_BLOCKS = YES;
				GCC_OPTIMIZATION_LEVEL = 0;
				GCC_PREPROCESSOR_DEFINITIONS = (
					"DEBUG=1",
					"$(inherited)",
				);
				GCC_WARN_64_TO_32_BIT_CONVERSION = YES;
				GCC_WARN_ABOUT_RETURN_TYPE = YES_ERROR;
				GCC_WARN_UNDECLARED_SELECTOR = YES;
				GCC_WARN_UNINITIALIZED_AUTOS = YES_AGGRESSIVE;
				GCC_WARN_UNUSED_FUNCTION = YES;
				GCC_WARN_UNUSED_VARIABLE = YES;
				IPHONEOS_DEPLOYMENT_TARGET = 12.2;
				MTL_ENABLE_DEBUG_INFO = INCLUDE_SOURCE;
				MTL_FAST_MATH = YES;
				ONLY_ACTIVE_ARCH = YES;
				SDKROOT = iphoneos;
				SWIFT_ACTIVE_COMPILATION_CONDITIONS = DEBUG;
				SWIFT_OPTIMIZATION_LEVEL = "-Onone";
			};
			name = Debug;
		};
		AE71FDC92270ABE8004B960C /* Release */ = {
			isa = XCBuildConfiguration;
			buildSettings = {
				ALWAYS_SEARCH_USER_PATHS = NO;
				CLANG_ANALYZER_NONNULL = YES;
				CLANG_ANALYZER_NUMBER_OBJECT_CONVERSION = YES_AGGRESSIVE;
				CLANG_CXX_LANGUAGE_STANDARD = "gnu++14";
				CLANG_CXX_LIBRARY = "libc++";
				CLANG_ENABLE_MODULES = YES;
				CLANG_ENABLE_OBJC_ARC = YES;
				CLANG_ENABLE_OBJC_WEAK = YES;
				CLANG_WARN_BLOCK_CAPTURE_AUTORELEASING = YES;
				CLANG_WARN_BOOL_CONVERSION = YES;
				CLANG_WARN_COMMA = YES;
				CLANG_WARN_CONSTANT_CONVERSION = YES;
				CLANG_WARN_DEPRECATED_OBJC_IMPLEMENTATIONS = YES;
				CLANG_WARN_DIRECT_OBJC_ISA_USAGE = YES_ERROR;
				CLANG_WARN_DOCUMENTATION_COMMENTS = YES;
				CLANG_WARN_EMPTY_BODY = YES;
				CLANG_WARN_ENUM_CONVERSION = YES;
				CLANG_WARN_INFINITE_RECURSION = YES;
				CLANG_WARN_INT_CONVERSION = YES;
				CLANG_WARN_NON_LITERAL_NULL_CONVERSION = YES;
				CLANG_WARN_OBJC_IMPLICIT_RETAIN_SELF = YES;
				CLANG_WARN_OBJC_LITERAL_CONVERSION = YES;
				CLANG_WARN_OBJC_ROOT_CLASS = YES_ERROR;
				CLANG_WARN_RANGE_LOOP_ANALYSIS = YES;
				CLANG_WARN_STRICT_PROTOTYPES = YES;
				CLANG_WARN_SUSPICIOUS_MOVE = YES;
				CLANG_WARN_UNGUARDED_AVAILABILITY = YES_AGGRESSIVE;
				CLANG_WARN_UNREACHABLE_CODE = YES;
				CLANG_WARN__DUPLICATE_METHOD_MATCH = YES;
				CODE_SIGN_IDENTITY = "iPhone Developer";
				COPY_PHASE_STRIP = NO;
				DEBUG_INFORMATION_FORMAT = "dwarf-with-dsym";
				ENABLE_NS_ASSERTIONS = NO;
				ENABLE_STRICT_OBJC_MSGSEND = YES;
				GCC_C_LANGUAGE_STANDARD = gnu11;
				GCC_NO_COMMON_BLOCKS = YES;
				GCC_WARN_64_TO_32_BIT_CONVERSION = YES;
				GCC_WARN_ABOUT_RETURN_TYPE = YES_ERROR;
				GCC_WARN_UNDECLARED_SELECTOR = YES;
				GCC_WARN_UNINITIALIZED_AUTOS = YES_AGGRESSIVE;
				GCC_WARN_UNUSED_FUNCTION = YES;
				GCC_WARN_UNUSED_VARIABLE = YES;
				IPHONEOS_DEPLOYMENT_TARGET = 12.2;
				MTL_ENABLE_DEBUG_INFO = NO;
				MTL_FAST_MATH = YES;
				SDKROOT = iphoneos;
				SWIFT_COMPILATION_MODE = wholemodule;
				SWIFT_OPTIMIZATION_LEVEL = "-O";
				VALIDATE_PRODUCT = YES;
			};
			name = Release;
		};
		AE71FDCB2270ABE8004B960C /* Debug */ = {
			isa = XCBuildConfiguration;
			buildSettings = {
				ASSETCATALOG_COMPILER_APPICON_NAME = AppIcon;
				CODE_SIGN_STYLE = Automatic;
				INFOPLIST_FILE = "$(SRCROOT)/InterfaceBuilder/Info.plist";
				LD_RUNPATH_SEARCH_PATHS = (
					"$(inherited)",
					"@executable_path/Frameworks",
				);
				PRODUCT_BUNDLE_IDENTIFIER = com.mczarnik.InterfaceBuilder;
				PRODUCT_NAME = "$(TARGET_NAME)";
				SWIFT_VERSION = 5.0;
				TARGETED_DEVICE_FAMILY = "1,2";
			};
			name = Debug;
		};
		AE71FDCC2270ABE8004B960C /* Release */ = {
			isa = XCBuildConfiguration;
			buildSettings = {
				ASSETCATALOG_COMPILER_APPICON_NAME = AppIcon;
				CODE_SIGN_STYLE = Automatic;
				INFOPLIST_FILE = "$(SRCROOT)/InterfaceBuilder/Info.plist";
				LD_RUNPATH_SEARCH_PATHS = (
					"$(inherited)",
					"@executable_path/Frameworks",
				);
				PRODUCT_BUNDLE_IDENTIFIER = com.mczarnik.InterfaceBuilder;
				PRODUCT_NAME = "$(TARGET_NAME)";
				SWIFT_VERSION = 5.0;
				TARGETED_DEVICE_FAMILY = "1,2";
			};
			name = Release;
		};
		AEA4ECA92270B4FB000A298E /* Debug */ = {
			isa = XCBuildConfiguration;
			buildSettings = {
				ASSETCATALOG_COMPILER_APPICON_NAME = AppIcon;
				CODE_SIGN_STYLE = Automatic;
				INFOPLIST_FILE = "$(SRCROOT)/Code/Info.plist";
				LD_RUNPATH_SEARCH_PATHS = (
					"$(inherited)",
					"@executable_path/Frameworks",
				);
				PRODUCT_BUNDLE_IDENTIFIER = com.mczarnik.Code;
				PRODUCT_NAME = "$(TARGET_NAME)";
				SWIFT_VERSION = 5.0;
				TARGETED_DEVICE_FAMILY = "1,2";
			};
			name = Debug;
		};
		AEA4ECAA2270B4FB000A298E /* Release */ = {
			isa = XCBuildConfiguration;
			buildSettings = {
				ASSETCATALOG_COMPILER_APPICON_NAME = AppIcon;
				CODE_SIGN_STYLE = Automatic;
				INFOPLIST_FILE = "$(SRCROOT)/Code/Info.plist";
				LD_RUNPATH_SEARCH_PATHS = (
					"$(inherited)",
					"@executable_path/Frameworks",
				);
				PRODUCT_BUNDLE_IDENTIFIER = com.mczarnik.Code;
				PRODUCT_NAME = "$(TARGET_NAME)";
				SWIFT_VERSION = 5.0;
				TARGETED_DEVICE_FAMILY = "1,2";
			};
			name = Release;
		};
/* End XCBuildConfiguration section */

/* Begin XCConfigurationList section */
		AE71FDB32270ABE5004B960C /* Build configuration list for PBXProject "TheBestOfEverything" */ = {
			isa = XCConfigurationList;
			buildConfigurations = (
				AE71FDC82270ABE8004B960C /* Debug */,
				AE71FDC92270ABE8004B960C /* Release */,
			);
			defaultConfigurationIsVisible = 0;
			defaultConfigurationName = Release;
		};
		AE71FDCA2270ABE8004B960C /* Build configuration list for PBXNativeTarget "InterfaceBuilder" */ = {
			isa = XCConfigurationList;
			buildConfigurations = (
				AE71FDCB2270ABE8004B960C /* Debug */,
				AE71FDCC2270ABE8004B960C /* Release */,
			);
			defaultConfigurationIsVisible = 0;
			defaultConfigurationName = Release;
		};
		AEA4ECA82270B4FB000A298E /* Build configuration list for PBXNativeTarget "Code" */ = {
			isa = XCConfigurationList;
			buildConfigurations = (
				AEA4ECA92270B4FB000A298E /* Debug */,
				AEA4ECAA2270B4FB000A298E /* Release */,
			);
			defaultConfigurationIsVisible = 0;
			defaultConfigurationName = Release;
		};
/* End XCConfigurationList section */
	};
	rootObject = AE71FDB02270ABE5004B960C /* Project object */;
}
